
Microsoft Visual Studio Solution File, Format Version 12.00
# Visual Studio Version 17
VisualStudioVersion = 17.10.35013.160
MinimumVisualStudioVersion = 10.0.40219.1
Project("{FAE04EC0-301F-11D3-BF4B-00C04F79EFBC}") = "prjChatBot", "prjChatBot\prjChatBot.csproj", "{A37C8FCA-7946-47A6-8B42-68EB125A6287}"
EndProject
Global
	GlobalSection(SolutionConfigurationPlatforms) = preSolution
		Debug|Any CPU = Debug|Any CPU
		Release|Any CPU = Release|Any CPU
	EndGlobalSection
	GlobalSection(ProjectConfigurationPlatforms) = postSolution
		{A37C8FCA-7946-47A6-8B42-68EB125A6287}.Debug|Any CPU.ActiveCfg = Debug|Any CPU
		{A37C8FCA-7946-47A6-8B42-68EB125A6287}.Debug|Any CPU.Build.0 = Debug|Any CPU
		{A37C8FCA-7946-47A6-8B42-68EB125A6287}.Release|Any CPU.ActiveCfg = Release|Any CPU
		{A37C8FCA-7946-47A6-8B42-68EB125A6287}.Release|Any CPU.Build.0 = Release|Any CPU
	EndGlobalSection
	GlobalSection(SolutionProperties) = preSolution
		HideSolutionNode = FALSE
	EndGlobalSection
	GlobalSection(ExtensibilityGlobals) = postSolution
		SolutionGuid = {8FC41E86-F157-4B51-9FDE-9E3CE44EC10E}
	EndGlobalSection
EndGlobal
